github.com/BurntSushi/toml v0.3.1 h1:WXkYYl6Yr3qBf1K79EBnL4mak0OimBfB0XUf9Vl28OQ=
github.com/BurntSushi/toml v0.3.1/go.mod h1:xHWCNGjB5oqiDr8zfno3MHue2Ht5sIBksp03qcyfWMU=
github.com/gomarkdown/markdown v0.0.0-20190817180551-b0273bd33515 h1:mnBtqpjWzHChO5YFhgYKo78WvoecAZD4SatIJKOTuWE=
github.com/gomarkdown/markdown v0.0.0-20190817180551-b0273bd33515/go.mod h1:JDGcbDT52eL4fju3sZ4TeHGsQwhG9nbDV21aMyhwPoA=
github.com/google/go-cmp v0.5.2 h1:X2ev0eStA3AbceY54o37/0PQ/UWqKEiiO2dKL5OPaFM=
github.com/google/go-cmp v0.5.2/go.mod h1:v8dTdLbMG2kIc/vJvl+f65V22dbkXbowE6jgT/gNBxE=
github.com/mmarkdown/mmark v2.0.40+incompatible h1:vMeUeDzBK3H+/mU0oMVfMuhSXJlIA+DE/DMPQNAj5C4=
github.com/mmarkdown/mmark v2.0.40+incompatible/go.mod h1:Uvmoz7tvsWpr7bMVxIpqZPyN3FbOtzDmnsJDFp7ltJs=
golang.org/x/xerrors v0.0.0-20191204190536-9bdfabe68543/go.mod h1:I/5z698sn9Ka8TeJc9MKroUUfqBBauWjQqLJ2OPfmY0=
